
Microsoft Visual Studio Solution File, Format Version 12.00
# Visual Studio Version 17
VisualStudioVersion = 17.3.32901.215
MinimumVisualStudioVersion = 10.0.40219.1
Project("{FAE04EC0-301F-11D3-BF4B-00C04F79EFBC}") = "bigandsmall", "bigandsmall\bigandsmall.csproj", "{97D1D42B-5940-4E07-80A6-09CAFDE9E5ED}"
EndProject
Global
	GlobalSection(SolutionConfigurationPlatforms) = preSolution
		Debug|Any CPU = Debug|Any CPU
		Release|Any CPU = Release|Any CPU
	EndGlobalSection
	GlobalSection(ProjectConfigurationPlatforms) = postSolution
		{97D1D42B-5940-4E07-80A6-09CAFDE9E5ED}.Debug|Any CPU.ActiveCfg = Debug|Any CPU
		{97D1D42B-5940-4E07-80A6-09CAFDE9E5ED}.Debug|Any CPU.Build.0 = Debug|Any CPU
		{97D1D42B-5940-4E07-80A6-09CAFDE9E5ED}.Release|Any CPU.ActiveCfg = Release|Any CPU
		{97D1D42B-5940-4E07-80A6-09CAFDE9E5ED}.Release|Any CPU.Build.0 = Release|Any CPU
	EndGlobalSection
	GlobalSection(SolutionProperties) = preSolution
		HideSolutionNode = FALSE
	EndGlobalSection
	GlobalSection(ExtensibilityGlobals) = postSolution
		SolutionGuid = {C44B1DF6-FC2B-491B-BD5F-2A89664B1730}
	EndGlobalSection
EndGlobal
